// !$*UTF8*$!
{
	archiveVersion = 1;
	classes = {
	};
	objectVersion = 46;
	objects = {

/* Begin PBXBuildFile section */
		552E5C08175963AA00908D00 /* DTFirstViewController.m in Sources */ = {isa = PBXBuildFile; fileRef = 552E5C05175963AA00908D00 /* DTFirstViewController.m */; };
		552E5C09175963AA00908D00 /* DTSecoundViewController.m in Sources */ = {isa = PBXBuildFile; fileRef = 552E5C07175963AA00908D00 /* DTSecoundViewController.m */; };
		552E5C0C17596B7900908D00 /* DTBookMenuShadowView.m in Sources */ = {isa = PBXBuildFile; fileRef = 552E5C0B17596B7900908D00 /* DTBookMenuShadowView.m */; };
		553DF7E417598BBC00FE4E67 /* MenuBtn.png in Resources */ = {isa = PBXBuildFile; fileRef = 553DF7E017598BBC00FE4E67 /* MenuBtn.png */; };
		553DF7E517598BBC00FE4E67 /* MenuBtn@2x.png in Resources */ = {isa = PBXBuildFile; fileRef = 553DF7E117598BBC00FE4E67 /* MenuBtn@2x.png */; };
		553DF7EA1759938600FE4E67 /* MenuBtnPress.png in Resources */ = {isa = PBXBuildFile; fileRef = 553DF7E81759938600FE4E67 /* MenuBtnPress.png */; };
		553DF7EB1759938600FE4E67 /* MenuBtnPress@2x.png in Resources */ = {isa = PBXBuildFile; fileRef = 553DF7E91759938600FE4E67 /* MenuBtnPress@2x.png */; };
		55B7E71F1756310C00E46C19 /* UIKit.framework in Frameworks */ = {isa = PBXBuildFile; fileRef = 55B7E71E1756310C00E46C19 /* UIKit.framework */; };
		55B7E7211756310C00E46C19 /* Foundation.framework in Frameworks */ = {isa = PBXBuildFile; fileRef = 55B7E7201756310C00E46C19 /* Foundation.framework */; };
		55B7E7231756310C00E46C19 /* CoreGraphics.framework in Frameworks */ = {isa = PBXBuildFile; fileRef = 55B7E7221756310C00E46C19 /* CoreGraphics.framework */; };
		55B7E7291756310C00E46C19 /* InfoPlist.strings in Resources */ = {isa = PBXBuildFile; fileRef = 55B7E7271756310C00E46C19 /* InfoPlist.strings */; };
		55B7E72B1756310C00E46C19 /* main.m in Sources */ = {isa = PBXBuildFile; fileRef = 55B7E72A1756310C00E46C19 /* main.m */; };
		55B7E72F1756310C00E46C19 /* DTAppDelegate.m in Sources */ = {isa = PBXBuildFile; fileRef = 55B7E72E1756310C00E46C19 /* DTAppDelegate.m */; };
		55B7E7311756310C00E46C19 /* Default.png in Resources */ = {isa = PBXBuildFile; fileRef = 55B7E7301756310C00E46C19 /* Default.png */; };
		55B7E7331756310C00E46C19 /* Default@2x.png in Resources */ = {isa = PBXBuildFile; fileRef = 55B7E7321756310C00E46C19 /* Default@2x.png */; };
		55B7E7351756310C00E46C19 /* Default-568h@2x.png in Resources */ = {isa = PBXBuildFile; fileRef = 55B7E7341756310C00E46C19 /* Default-568h@2x.png */; };
		55B7E73D1756313400E46C19 /* DTBookMenuController.m in Sources */ = {isa = PBXBuildFile; fileRef = 55B7E73C1756313400E46C19 /* DTBookMenuController.m */; };
		55B7E7441756317D00E46C19 /* DTBookMenuView.m in Sources */ = {isa = PBXBuildFile; fileRef = 55B7E7431756317D00E46C19 /* DTBookMenuView.m */; };
/* End PBXBuildFile section */

/* Begin PBXFileReference section */
		550CDF60175CC8BC00407ADF /* DTInstancetype.h */ = {isa = PBXFileReference; fileEncoding = 4; lastKnownFileType = sourcecode.c.h; path = DTInstancetype.h; sourceTree = "<group>"; };
		552E5C04175963AA00908D00 /* DTFirstViewController.h */ = {isa = PBXFileReference; fileEncoding = 4; lastKnownFileType = sourcecode.c.h; path = DTFirstViewController.h; sourceTree = "<group>"; };
		552E5C05175963AA00908D00 /* DTFirstViewController.m */ = {isa = PBXFileReference; fileEncoding = 4; lastKnownFileType = sourcecode.c.objc; path = DTFirstViewController.m; sourceTree = "<group>"; };
		552E5C06175963AA00908D00 /* DTSecoundViewController.h */ = {isa = PBXFileReference; fileEncoding = 4; lastKnownFileType = sourcecode.c.h; path = DTSecoundViewController.h; sourceTree = "<group>"; };
		552E5C07175963AA00908D00 /* DTSecoundViewController.m */ = {isa = PBXFileReference; fileEncoding = 4; lastKnownFileType = sourcecode.c.objc; path = DTSecoundViewController.m; sourceTree = "<group>"; };
		552E5C0A17596B7900908D00 /* DTBookMenuShadowView.h */ = {isa = PBXFileReference; fileEncoding = 4; lastKnownFileType = sourcecode.c.h; path = DTBookMenuShadowView.h; sourceTree = "<group>"; };
		552E5C0B17596B7900908D00 /* DTBookMenuShadowView.m */ = {isa = PBXFileReference; fileEncoding = 4; lastKnownFileType = sourcecode.c.objc; path = DTBookMenuShadowView.m; sourceTree = "<group>"; };
		552E5C0D1759712100908D00 /* DTBookMenuConfig.h */ = {isa = PBXFileReference; fileEncoding = 4; lastKnownFileType = sourcecode.c.h; path = DTBookMenuConfig.h; sourceTree = "<group>"; };
		553DF7E017598BBC00FE4E67 /* MenuBtn.png */ = {isa = PBXFileReference; lastKnownFileType = image.png; path = MenuBtn.png; sourceTree = "<group>"; };
		553DF7E117598BBC00FE4E67 /* MenuBtn@2x.png */ = {isa = PBXFileReference; lastKnownFileType = image.png; path = "MenuBtn@2x.png"; sourceTree = "<group>"; };
		553DF7E81759938600FE4E67 /* MenuBtnPress.png */ = {isa = PBXFileReference; lastKnownFileType = image.png; path = MenuBtnPress.png; sourceTree = "<group>"; };
		553DF7E91759938600FE4E67 /* MenuBtnPress@2x.png */ = {isa = PBXFileReference; lastKnownFileType = image.png; path = "MenuBtnPress@2x.png"; sourceTree = "<group>"; };
		55B7E71B1756310C00E46C19 /* DTBookMenuControllerDemo.app */ = {isa = PBXFileReference; explicitFileType = wrapper.application; includeInIndex = 0; path = DTBookMenuControllerDemo.app; sourceTree = BUILT_PRODUCTS_DIR; };
		55B7E71E1756310C00E46C19 /* UIKit.framework */ = {isa = PBXFileReference; lastKnownFileType = wrapper.framework; name = UIKit.framework; path = System/Library/Frameworks/UIKit.framework; sourceTree = SDKROOT; };
		55B7E7201756310C00E46C19 /* Foundation.framework */ = {isa = PBXFileReference; lastKnownFileType = wrapper.framework; name = Foundation.framework; path = System/Library/Frameworks/Foundation.framework; sourceTree = SDKROOT; };
		55B7E7221756310C00E46C19 /* CoreGraphics.framework */ = {isa = PBXFileReference; lastKnownFileType = wrapper.framework; name = CoreGraphics.framework; path = System/Library/Frameworks/CoreGraphics.framework; sourceTree = SDKROOT; };
		55B7E7261756310C00E46C19 /* DTBookMenuControllerDemo-Info.plist */ = {isa = PBXFileReference; lastKnownFileType = text.plist.xml; path = "DTBookMenuControllerDemo-Info.plist"; sourceTree = "<group>"; };
		55B7E7281756310C00E46C19 /* en */ = {isa = PBXFileReference; lastKnownFileType = text.plist.strings; name = en; path = en.lproj/InfoPlist.strings; sourceTree = "<group>"; };
		55B7E72A1756310C00E46C19 /* main.m */ = {isa = PBXFileReference; lastKnownFileType = sourcecode.c.objc; path = main.m; sourceTree = "<group>"; };
		55B7E72C1756310C00E46C19 /* DTBookMenuControllerDemo-Prefix.pch */ = {isa = PBXFileReference; lastKnownFileType = sourcecode.c.h; path = "DTBookMenuControllerDemo-Prefix.pch"; sourceTree = "<group>"; };
		55B7E72D1756310C00E46C19 /* DTAppDelegate.h */ = {isa = PBXFileReference; lastKnownFileType = sourcecode.c.h; path = DTAppDelegate.h; sourceTree = "<group>"; };
		55B7E72E1756310C00E46C19 /* DTAppDelegate.m */ = {isa = PBXFileReference; lastKnownFileType = sourcecode.c.objc; path = DTAppDelegate.m; sourceTree = "<group>"; };
		55B7E7301756310C00E46C19 /* Default.png */ = {isa = PBXFileReference; lastKnownFileType = image.png; path = Default.png; sourceTree = "<group>"; };
		55B7E7321756310C00E46C19 /* Default@2x.png */ = {isa = PBXFileReference; lastKnownFileType = image.png; path = "Default@2x.png"; sourceTree = "<group>"; };
		55B7E7341756310C00E46C19 /* Default-568h@2x.png */ = {isa = PBXFileReference; lastKnownFileType = image.png; path = "Default-568h@2x.png"; sourceTree = "<group>"; };
		55B7E73B1756313400E46C19 /* DTBookMenuController.h */ = {isa = PBXFileReference; fileEncoding = 4; lastKnownFileType = sourcecode.c.h; name = DTBookMenuController.h; path = DTBookMenuController/DTBookMenuController.h; sourceTree = SOURCE_ROOT; };
		55B7E73C1756313400E46C19 /* DTBookMenuController.m */ = {isa = PBXFileReference; fileEncoding = 4; lastKnownFileType = sourcecode.c.objc; name = DTBookMenuController.m; path = DTBookMenuController/DTBookMenuController.m; sourceTree = SOURCE_ROOT; };
		55B7E7421756317D00E46C19 /* DTBookMenuView.h */ = {isa = PBXFileReference; fileEncoding = 4; lastKnownFileType = sourcecode.c.h; path = DTBookMenuView.h; sourceTree = "<group>"; };
		55B7E7431756317D00E46C19 /* DTBookMenuView.m */ = {isa = PBXFileReference; fileEncoding = 4; lastKnownFileType = sourcecode.c.objc; path = DTBookMenuView.m; sourceTree = "<group>"; };
/* End PBXFileReference section */

/* Begin PBXFrameworksBuildPhase section */
		55B7E7181756310C00E46C19 /* Frameworks */ = {
			isa = PBXFrameworksBuildPhase;
			buildActionMask = 2147483647;
			files = (
				55B7E71F1756310C00E46C19 /* UIKit.framework in Frameworks */,
				55B7E7211756310C00E46C19 /* Foundation.framework in Frameworks */,
				55B7E7231756310C00E46C19 /* CoreGraphics.framework in Frameworks */,
			);
			runOnlyForDeploymentPostprocessing = 0;
		};
/* End PBXFrameworksBuildPhase section */

/* Begin PBXGroup section */
		553DF7DF17598BA400FE4E67 /* Images */ = {
			isa = PBXGroup;
			children = (
				553DF7E017598BBC00FE4E67 /* MenuBtn.png */,
				553DF7E117598BBC00FE4E67 /* MenuBtn@2x.png */,
				553DF7E81759938600FE4E67 /* MenuBtnPress.png */,
				553DF7E91759938600FE4E67 /* MenuBtnPress@2x.png */,
			);
			path = Images;
			sourceTree = "<group>";
		};
		55B7E7121756310C00E46C19 = {
			isa = PBXGroup;
			children = (
				55B7E7241756310C00E46C19 /* DTBookMenuControllerDemo */,
				55B7E71D1756310C00E46C19 /* Frameworks */,
				55B7E71C1756310C00E46C19 /* Products */,
			);
			sourceTree = "<group>";
		};
		55B7E71C1756310C00E46C19 /* Products */ = {
			isa = PBXGroup;
			children = (
				55B7E71B1756310C00E46C19 /* DTBookMenuControllerDemo.app */,
			);
			name = Products;
			sourceTree = "<group>";
		};
		55B7E71D1756310C00E46C19 /* Frameworks */ = {
			isa = PBXGroup;
			children = (
				55B7E71E1756310C00E46C19 /* UIKit.framework */,
				55B7E7201756310C00E46C19 /* Foundation.framework */,
				55B7E7221756310C00E46C19 /* CoreGraphics.framework */,
			);
			name = Frameworks;
			sourceTree = "<group>";
		};
		55B7E7241756310C00E46C19 /* DTBookMenuControllerDemo */ = {
			isa = PBXGroup;
			children = (
				55B7E72D1756310C00E46C19 /* DTAppDelegate.h */,
				55B7E72E1756310C00E46C19 /* DTAppDelegate.m */,
				552E5C04175963AA00908D00 /* DTFirstViewController.h */,
				552E5C05175963AA00908D00 /* DTFirstViewController.m */,
				552E5C06175963AA00908D00 /* DTSecoundViewController.h */,
				552E5C07175963AA00908D00 /* DTSecoundViewController.m */,
				55B7E73E1756313B00E46C19 /* DTBookMenuController */,
				55B7E7251756310C00E46C19 /* Supporting Files */,
			);
			path = DTBookMenuControllerDemo;
			sourceTree = "<group>";
		};
		55B7E7251756310C00E46C19 /* Supporting Files */ = {
			isa = PBXGroup;
			children = (
				55B7E7261756310C00E46C19 /* DTBookMenuControllerDemo-Info.plist */,
				55B7E7271756310C00E46C19 /* InfoPlist.strings */,
				55B7E72A1756310C00E46C19 /* main.m */,
				55B7E72C1756310C00E46C19 /* DTBookMenuControllerDemo-Prefix.pch */,
				55B7E7301756310C00E46C19 /* Default.png */,
				55B7E7321756310C00E46C19 /* Default@2x.png */,
				55B7E7341756310C00E46C19 /* Default-568h@2x.png */,
			);
			name = "Supporting Files";
			sourceTree = "<group>";
		};
		55B7E73E1756313B00E46C19 /* DTBookMenuController */ = {
			isa = PBXGroup;
			children = (
				552E5C0D1759712100908D00 /* DTBookMenuConfig.h */,
				550CDF60175CC8BC00407ADF /* DTInstancetype.h */,
				55B7E73B1756313400E46C19 /* DTBookMenuController.h */,
				55B7E73C1756313400E46C19 /* DTBookMenuController.m */,
				552E5C0A17596B7900908D00 /* DTBookMenuShadowView.h */,
				552E5C0B17596B7900908D00 /* DTBookMenuShadowView.m */,
				55B7E7421756317D00E46C19 /* DTBookMenuView.h */,
				55B7E7431756317D00E46C19 /* DTBookMenuView.m */,
				553DF7DF17598BA400FE4E67 /* Images */,
			);
			name = DTBookMenuController;
			path = ../DTBookMenuController;
			sourceTree = "<group>";
		};
/* End PBXGroup section */

/* Begin PBXNativeTarget section */
		55B7E71A1756310C00E46C19 /* DTBookMenuControllerDemo */ = {
			isa = PBXNativeTarget;
			buildConfigurationList = 55B7E7381756310C00E46C19 /* Build configuration list for PBXNativeTarget "DTBookMenuControllerDemo" */;
			buildPhases = (
				55B7E7171756310C00E46C19 /* Sources */,
				55B7E7181756310C00E46C19 /* Frameworks */,
				55B7E7191756310C00E46C19 /* Resources */,
			);
			buildRules = (
			);
			dependencies = (
			);
			name = DTBookMenuControllerDemo;
			productName = DTBookMenuControllerDemo;
			productReference = 55B7E71B1756310C00E46C19 /* DTBookMenuControllerDemo.app */;
			productType = "com.apple.product-type.application";
		};
/* End PBXNativeTarget section */

/* Begin PBXProject section */
		55B7E7131756310C00E46C19 /* Project object */ = {
			isa = PBXProject;
			attributes = {
				CLASSPREFIX = DT;
				LastUpgradeCheck = 0460;
				ORGANIZATIONNAME = Darktt;
			};
			buildConfigurationList = 55B7E7161756310C00E46C19 /* Build configuration list for PBXProject "DTBookMenuControllerDemo" */;
			compatibilityVersion = "Xcode 3.2";
			developmentRegion = English;
			hasScannedForEncodings = 0;
			knownRegions = (
				en,
			);
			mainGroup = 55B7E7121756310C00E46C19;
			productRefGroup = 55B7E71C1756310C00E46C19 /* Products */;
			projectDirPath = "";
			projectRoot = "";
			targets = (
				55B7E71A1756310C00E46C19 /* DTBookMenuControllerDemo */,
			);
		};
/* End PBXProject section */

/* Begin PBXResourcesBuildPhase section */
		55B7E7191756310C00E46C19 /* Resources */ = {
			isa = PBXResourcesBuildPhase;
			buildActionMask = 2147483647;
			files = (
				55B7E7291756310C00E46C19 /* InfoPlist.strings in Resources */,
				55B7E7311756310C00E46C19 /* Default.png in Resources */,
				55B7E7331756310C00E46C19 /* Default@2x.png in Resources */,
				55B7E7351756310C00E46C19 /* Default-568h@2x.png in Resources */,
				553DF7E417598BBC00FE4E67 /* MenuBtn.png in Resources */,
				553DF7E517598BBC00FE4E67 /* MenuBtn@2x.png in Resources */,
				553DF7EA1759938600FE4E67 /* MenuBtnPress.png in Resources */,
				553DF7EB1759938600FE4E67 /* MenuBtnPress@2x.png in Resources */,
			);
			runOnlyForDeploymentPostprocessing = 0;
		};
/* End PBXResourcesBuildPhase section */

/* Begin PBXSourcesBuildPhase section */
		55B7E7171756310C00E46C19 /* Sources */ = {
			isa = PBXSourcesBuildPhase;
			buildActionMask = 2147483647;
			files = (
				55B7E72B1756310C00E46C19 /* main.m in Sources */,
				55B7E72F1756310C00E46C19 /* DTAppDelegate.m in Sources */,
				55B7E73D1756313400E46C19 /* DTBookMenuController.m in Sources */,
				55B7E7441756317D00E46C19 /* DTBookMenuView.m in Sources */,
				552E5C08175963AA00908D00 /* DTFirstViewController.m in Sources */,
				552E5C09175963AA00908D00 /* DTSecoundViewController.m in Sources */,
				552E5C0C17596B7900908D00 /* DTBookMenuShadowView.m in Sources */,
			);
			runOnlyForDeploymentPostprocessing = 0;
		};
/* End PBXSourcesBuildPhase section */

/* Begin PBXVariantGroup section */
		55B7E7271756310C00E46C19 /* InfoPlist.strings */ = {
			isa = PBXVariantGroup;
			children = (
				55B7E7281756310C00E46C19 /* en */,
			);
			name = InfoPlist.strings;
			sourceTree = "<group>";
		};
/* End PBXVariantGroup section */

/* Begin XCBuildConfiguration section */
		55B7E7361756310C00E46C19 /* Debug */ = {
			isa = XCBuildConfiguration;
			buildSettings = {
				ALWAYS_SEARCH_USER_PATHS = NO;
				CLANG_CXX_LANGUAGE_STANDARD = "gnu++0x";
				CLANG_CXX_LIBRARY = "libc++";
				CLANG_WARN_CONSTANT_CONVERSION = YES;
				CLANG_WARN_EMPTY_BODY = YES;
				CLANG_WARN_ENUM_CONVERSION = YES;
				CLANG_WARN_INT_CONVERSION = YES;
				CLANG_WARN__DUPLICATE_METHOD_MATCH = YES;
				"CODE_SIGN_IDENTITY[sdk=iphoneos*]" = "iPhone Developer";
				COPY_PHASE_STRIP = NO;
				GCC_C_LANGUAGE_STANDARD = gnu99;
				GCC_DYNAMIC_NO_PIC = NO;
				GCC_OPTIMIZATION_LEVEL = 0;
				GCC_PREPROCESSOR_DEFINITIONS = (
					"DEBUG=1",
					"$(inherited)",
				);
				GCC_SYMBOLS_PRIVATE_EXTERN = NO;
				GCC_WARN_ABOUT_RETURN_TYPE = YES;
				GCC_WARN_UNINITIALIZED_AUTOS = YES;
				GCC_WARN_UNUSED_VARIABLE = YES;
				IPHONEOS_DEPLOYMENT_TARGET = 6.1;
				ONLY_ACTIVE_ARCH = YES;
				SDKROOT = iphoneos;
			};
			name = Debug;
		};
		55B7E7371756310C00E46C19 /* Release */ = {
			isa = XCBuildConfiguration;
			buildSettings = {
				ALWAYS_SEARCH_USER_PATHS = NO;
				CLANG_CXX_LANGUAGE_STANDARD = "gnu++0x";
				CLANG_CXX_LIBRARY = "libc++";
				CLANG_WARN_CONSTANT_CONVERSION = YES;
				CLANG_WARN_EMPTY_BODY = YES;
				CLANG_WARN_ENUM_CONVERSION = YES;
				CLANG_WARN_INT_CONVERSION = YES;
				CLANG_WARN__DUPLICATE_METHOD_MATCH = YES;
				"CODE_SIGN_IDENTITY[sdk=iphoneos*]" = "iPhone Developer";
				COPY_PHASE_STRIP = YES;
				GCC_C_LANGUAGE_STANDARD = gnu99;
				GCC_WARN_ABOUT_RETURN_TYPE = YES;
				GCC_WARN_UNINITIALIZED_AUTOS = YES;
				GCC_WARN_UNUSED_VARIABLE = YES;
				IPHONEOS_DEPLOYMENT_TARGET = 6.1;
				OTHER_CFLAGS = "-DNS_BLOCK_ASSERTIONS=1";
				SDKROOT = iphoneos;
				VALIDATE_PRODUCT = YES;
			};
			name = Release;
		};
		55B7E7391756310C00E46C19 /* Debug */ = {
			isa = XCBuildConfiguration;
			buildSettings = {
				CODE_SIGN_IDENTITY = "iPhone Developer: Eden Li (85B39NPV8D)";
				"CODE_SIGN_IDENTITY[sdk=iphoneos*]" = "iPhone Developer: Eden Li (85B39NPV8D)";
				GCC_PRECOMPILE_PREFIX_HEADER = YES;
				GCC_PREFIX_HEADER = "DTBookMenuControllerDemo/DTBookMenuControllerDemo-Prefix.pch";
				INFOPLIST_FILE = "DTBookMenuControllerDemo/DTBookMenuControllerDemo-Info.plist";
				PRODUCT_NAME = "$(TARGET_NAME)";
				PROVISIONING_PROFILE = "452B1A2C-E0EE-42EC-879C-BE9CB3074005";
				"PROVISIONING_PROFILE[sdk=iphoneos*]" = "452B1A2C-E0EE-42EC-879C-BE9CB3074005";
				WRAPPER_EXTENSION = app;
			};
			name = Debug;
		};
		55B7E73A1756310C00E46C19 /* Release */ = {
			isa = XCBuildConfiguration;
			buildSettings = {
				CODE_SIGN_IDENTITY = "iPhone Developer: Eden Li (85B39NPV8D)";
				"CODE_SIGN_IDENTITY[sdk=iphoneos*]" = "iPhone Developer: Eden Li (85B39NPV8D)";
				GCC_PRECOMPILE_PREFIX_HEADER = YES;
				GCC_PREFIX_HEADER = "DTBookMenuControllerDemo/DTBookMenuControllerDemo-Prefix.pch";
				INFOPLIST_FILE = "DTBookMenuControllerDemo/DTBookMenuControllerDemo-Info.plist";
				PRODUCT_NAME = "$(TARGET_NAME)";
				PROVISIONING_PROFILE = "452B1A2C-E0EE-42EC-879C-BE9CB3074005";
				"PROVISIONING_PROFILE[sdk=iphoneos*]" = "452B1A2C-E0EE-42EC-879C-BE9CB3074005";
				WRAPPER_EXTENSION = app;
			};
			name = Release;
		};
/* End XCBuildConfiguration section */

/* Begin XCConfigurationList section */
		55B7E7161756310C00E46C19 /* Build configuration list for PBXProject "DTBookMenuControllerDemo" */ = {
			isa = XCConfigurationList;
			buildConfigurations = (
				55B7E7361756310C00E46C19 /* Debug */,
				55B7E7371756310C00E46C19 /* Release */,
			);
			defaultConfigurationIsVisible = 0;
			defaultConfigurationName = Release;
		};
		55B7E7381756310C00E46C19 /* Build configuration list for PBXNativeTarget "DTBookMenuControllerDemo" */ = {
			isa = XCConfigurationList;
			buildConfigurations = (
				55B7E7391756310C00E46C19 /* Debug */,
				55B7E73A1756310C00E46C19 /* Release */,
			);
			defaultConfigurationIsVisible = 0;
			defaultConfigurationName = Release;
		};
/* End XCConfigurationList section */
	};
	rootObject = 55B7E7131756310C00E46C19 /* Project object */;
}
